<?xml version="1.0" encoding="UTF-8" standalone="yes" ?>
<CodeBlocks_project_file>
	<FileVersion major="1" minor="6" />
	<Project>
		<Option title="CVC" />
		<Option pch_mode="2" />
		<Option compiler="gcc" />
		<Build>
			<Target title="Debug">
				<Option output="CVC" prefix_auto="1" extension_auto="1" />
				<Option object_output="obj/Debug/" />
				<Option type="1" />
				<Option compiler="gcc" />
				<Compiler>
					<Add option="-g" />
				</Compiler>
				<Linker>
					<Add option="-static-libstdc++" />
					<Add option="-static-libgcc" />
					<Add option="-static" />
					<Add option="-lallegro_monolith-debug-static" />
					<Add option="-ljpeg" />
					<Add option="-ldumb" />
					<Add option="-lFLAC" />
					<Add option="-ltheora" />
					<Add option="-lvorbisfile" />
					<Add option="-lvorbis" />
					<Add option="-logg" />
					<Add option="-lphysfs" />
					<Add option="-lfreetype" />
					<Add option="-lpng16" />
					<Add option="-lzlibstatic" />
					<Add option="-ldsound" />
					<Add option="-lgdiplus" />
					<Add option="-luuid" />
					<Add option="-lkernel32" />
					<Add option="-lwinmm" />
					<Add option="-lpsapi" />
					<Add option="-lopengl32" />
					<Add option="-lglu32" />
					<Add option="-luser32" />
					<Add option="-lcomdlg32" />
					<Add option="-lgdi32" />
					<Add option="-lshell32" />
					<Add option="-lole32" />
					<Add option="-ladvapi32" />
					<Add option="-lws2_32" />
					<Add option="-lshlwapi" />
				</Linker>
			</Target>
			<Target title="Release">
				<Option output="CVC" prefix_auto="1" extension_auto="1" />
				<Option object_output="obj/Release/" />
				<Option type="1" />
				<Option compiler="gcc" />
				<Compiler>
					<Add option="-O2" />
				</Compiler>
				<Linker>
					<Add option="-s" />
					<Add option="-static-libstdc++" />
					<Add option="-static-libgcc" />
					<Add option="-static" />
					<Add option="-lallegro_monolith-static" />
					<Add option="-ljpeg" />
					<Add option="-ldumb" />
					<Add option="-lFLAC" />
					<Add option="-ltheora" />
					<Add option="-lvorbisfile" />
					<Add option="-lvorbis" />
					<Add option="-logg" />
					<Add option="-lphysfs" />
					<Add option="-lfreetype" />
					<Add option="-lpng16" />
					<Add option="-lzlibstatic" />
					<Add option="-ldsound" />
					<Add option="-lgdiplus" />
					<Add option="-luuid" />
					<Add option="-lkernel32" />
					<Add option="-lwinmm" />
					<Add option="-lpsapi" />
					<Add option="-lopengl32" />
					<Add option="-lglu32" />
					<Add option="-luser32" />
					<Add option="-lcomdlg32" />
					<Add option="-lgdi32" />
					<Add option="-lshell32" />
					<Add option="-lole32" />
					<Add option="-ladvapi32" />
					<Add option="-lws2_32" />
					<Add option="-lshlwapi" />
				</Linker>
			</Target>
		</Build>
		<Compiler>
			<Add option="-Wall" />
			<Add directory="E:/LIBS/LIBS81Distro/Allegro524_mingw-w64-gcc81_posix_dwarf/include" />
		</Compiler>
		<Linker>
			<Add directory="E:/LIBS/LIBS81Distro/Allegro524_mingw-w64-gcc81_posix_dwarf/lib" />
		</Linker>
		<Unit filename="P51Test.cpp" />
		<Unit filename="P51TestCode.cpp" />
		<Unit filename="P51TestCode.h" />
		<Unit filename="PFiftyOneRevF.cpp" />
		<Unit filename="PFiftyOneRevF.h" />
		<Unit filename="QuadRootsRevJ.cpp" />
		<Unit filename="QuadRootsRevJ.h" />
		<Unit filename="src/Arrow.cpp" />
		<Unit filename="src/Arrow.hpp" />
		<Unit filename="src/CollTable.cpp" />
		<Unit filename="src/CollTable.hpp" />
		<Unit filename="src/Intercept.cpp" />
		<Unit filename="src/Intercept.hpp" />
		<Unit filename="src/Line2.cpp" />
		<Unit filename="src/Line2.hpp" />
		<Unit filename="src/LineSeg2.cpp" />
		<Unit filename="src/LineSeg2.hpp" />
		<Unit filename="src/Main.cpp" />
		<Unit filename="src/Object.cpp" />
		<Unit filename="src/Object.hpp" />
		<Unit filename="src/Overlap.cpp" />
		<Unit filename="src/Overlap.hpp" />
		<Unit filename="src/Quartic.cpp" />
		<Unit filename="src/Quartic.hpp" />
		<Unit filename="src/Resolver.cpp" />
		<Unit filename="src/Resolver.hpp" />
		<Unit filename="src/Triangles.cpp" />
		<Unit filename="src/Triangles.hpp" />
		<Unit filename="src/Vector2.cpp" />
		<Unit filename="src/Vector2.hpp" />
		<Extensions>
			<code_completion />
			<envvars />
			<debugger />
			<fortran_project />
			<lib_finder disable_auto="1" />
		</Extensions>
	</Project>
</CodeBlocks_project_file>
