<?xml version="1.0" encoding="UTF-8" standalone="yes" ?>
<CodeBlocks_project_file>
	<FileVersion major="1" minor="6" />
	<Project>
		<Option title="Merlin" />
		<Option pch_mode="2" />
		<Option compiler="gcc" />
		<Build>
			<Target title="Debug">
				<Option output="cbbuild/lib/MerlinD" prefix_auto="1" extension_auto="1" />
				<Option working_dir="" />
				<Option object_output="cbbuild/obj/Debug/" />
				<Option type="2" />
				<Option compiler="gcc" />
				<Compiler>
					<Add option="-g" />
				</Compiler>
				<Linker>
					<Add option="-static-libstdc++" />
					<Add option="-static-libgcc" />
					<Add option="-static" />
				</Linker>
			</Target>
			<Target title="Release">
				<Option output="cbbuild/lib/Merlin" prefix_auto="1" extension_auto="1" />
				<Option working_dir="" />
				<Option object_output="cbbuild/obj/Release/" />
				<Option type="2" />
				<Option compiler="gcc" />
				<Compiler>
					<Add option="-O2" />
				</Compiler>
				<Linker>
					<Add option="-s" />
					<Add option="-static-libstdc++" />
					<Add option="-static-libgcc" />
					<Add option="-static" />
				</Linker>
			</Target>
		</Build>
		<Compiler>
			<Add option="-Wall" />
			<Add directory="E:/LIBS/LIBS81Distro/Allegro524_mingw-w64-gcc81_posix_dwarf/include" />
			<Add directory="include/Merlin" />
		</Compiler>
		<Linker>
			<Add directory="E:/LIBS/LIBS81Distro/Allegro524_mingw-w64-gcc81_posix_dwarf/lib" />
		</Linker>
		<Unit filename="include/Merlin.hpp" />
		<Unit filename="include/Merlin/Arrow.hpp" />
		<Unit filename="include/Merlin/CollHistory.hpp" />
		<Unit filename="include/Merlin/CollTable.hpp" />
		<Unit filename="include/Merlin/Globals.hpp" />
		<Unit filename="include/Merlin/Intercept.hpp" />
		<Unit filename="include/Merlin/Line2.hpp" />
		<Unit filename="include/Merlin/LineSeg2.hpp" />
		<Unit filename="include/Merlin/Object.hpp" />
		<Unit filename="include/Merlin/Overlap.hpp" />
		<Unit filename="include/Merlin/Points.hpp" />
		<Unit filename="include/Merlin/Quartic.hpp" />
		<Unit filename="include/Merlin/Resolver.hpp" />
		<Unit filename="include/Merlin/Triangles.hpp" />
		<Unit filename="include/Merlin/Vector2.hpp" />
		<Unit filename="src/Arrow.cpp" />
		<Unit filename="src/CollHistory.cpp" />
		<Unit filename="src/CollTable.cpp" />
		<Unit filename="src/Globals.cpp" />
		<Unit filename="src/Intercept.cpp" />
		<Unit filename="src/Line2.cpp" />
		<Unit filename="src/LineSeg2.cpp" />
		<Unit filename="src/Object.cpp" />
		<Unit filename="src/Overlap.cpp" />
		<Unit filename="src/Points.cpp" />
		<Unit filename="src/QuadRootsRevJ.cpp" />
		<Unit filename="src/Quartic.cpp" />
		<Unit filename="src/Resolver.cpp" />
		<Unit filename="src/Triangles.cpp" />
		<Unit filename="src/Vector2.cpp" />
		<Extensions>
			<code_completion />
			<envvars />
			<debugger />
			<fortran_project />
			<lib_finder disable_auto="1" />
		</Extensions>
	</Project>
</CodeBlocks_project_file>
